{
  "version": "4",
  "specifiers": {
    "jsr:@oak/commons@1": "1.0.0",
    "jsr:@oak/oak@^17.1.3": "17.1.3",
    "jsr:@purity/purity@~0.2.1": "0.2.1",
    "jsr:@raul/env@0.1": "0.1.0",
    "jsr:@std/assert@1": "1.0.8",
    "jsr:@std/bytes@1": "1.0.4",
    "jsr:@std/bytes@^1.0.2": "1.0.4",
    "jsr:@std/crypto@1": "1.0.3",
    "jsr:@std/encoding@1": "1.0.5",
    "jsr:@std/encoding@^1.0.5": "1.0.5",
    "jsr:@std/http@1": "1.0.11",
    "jsr:@std/io@0.224": "0.224.9",
    "jsr:@std/media-types@1": "1.1.0",
    "jsr:@std/path@1": "1.0.8",
    "npm:@types/node@*": "22.5.4",
    "npm:kysely-codegen@0.17": "0.17.0_kysely@0.27.4_pg@8.13.1",
    "npm:kysely-codegen@0.17.0": "0.17.0_kysely@0.27.4_pg@8.13.1",
    "npm:kysely@~0.27.4": "0.27.4",
    "npm:oauth4webapi@^3.1.3": "3.1.3",
    "npm:path-to-regexp@6.2.1": "6.2.1",
    "npm:pg@^8.13.1": "8.13.1",
    "npm:tweetnacl@^1.0.3": "1.0.3",
    "npm:uuidv7@^1.0.2": "1.0.2"
  },
  "jsr": {
    "@oak/commons@1.0.0": {
      "integrity": "49805b55603c3627a9d6235c0655aa2b6222d3036b3a13ff0380c16368f607ac",
      "dependencies": [
        "jsr:@std/assert",
        "jsr:@std/bytes@1",
        "jsr:@std/crypto",
        "jsr:@std/encoding@1",
        "jsr:@std/http",
        "jsr:@std/media-types"
      ]
    },
    "@oak/oak@17.1.3": {
      "integrity": "d89296c22db91681dd3a2a1e1fd14e258d0d5a9654de55637aee5b661c159f33",
      "dependencies": [
        "jsr:@oak/commons",
        "jsr:@std/assert",
        "jsr:@std/bytes@1",
        "jsr:@std/crypto",
        "jsr:@std/http",
        "jsr:@std/io",
        "jsr:@std/media-types",
        "jsr:@std/path",
        "npm:path-to-regexp"
      ]
    },
    "@purity/purity@0.2.1": {
      "integrity": "a563385bef3dc1e368a481234920480a95ebd44cd42fe75fc8ff8c316ae2bac0"
    },
    "@raul/env@0.1.0": {
      "integrity": "d80d05a57e5747b98a6d6e0c459386eba2575d98e51eaddff1426d808444c533"
    },
    "@std/assert@1.0.8": {
      "integrity": "ebe0bd7eb488ee39686f77003992f389a06c3da1bbd8022184804852b2fa641b"
    },
    "@std/bytes@1.0.4": {
      "integrity": "11a0debe522707c95c7b7ef89b478c13fb1583a7cfb9a85674cd2cc2e3a28abc"
    },
    "@std/crypto@1.0.3": {
      "integrity": "a2a32f51ddef632d299e3879cd027c630dcd4d1d9a5285d6e6788072f4e51e7f"
    },
    "@std/encoding@1.0.5": {
      "integrity": "ecf363d4fc25bd85bd915ff6733a7e79b67e0e7806334af15f4645c569fefc04"
    },
    "@std/http@1.0.11": {
      "integrity": "f1928e69e7dcf1664e22d153934cb866bf31e1bbe4bc59f8ac1b4d0e98cb7558",
      "dependencies": [
        "jsr:@std/encoding@^1.0.5"
      ]
    },
    "@std/io@0.224.9": {
      "integrity": "4414664b6926f665102e73c969cfda06d2c4c59bd5d0c603fd4f1b1c840d6ee3",
      "dependencies": [
        "jsr:@std/bytes@^1.0.2"
      ]
    },
    "@std/media-types@1.1.0": {
      "integrity": "c9d093f0c05c3512932b330e3cc1fe1d627b301db33a4c2c2185c02471d6eaa4"
    },
    "@std/path@1.0.8": {
      "integrity": "548fa456bb6a04d3c1a1e7477986b6cffbce95102d0bb447c67c4ee70e0364be"
    }
  },
  "npm": {
    "@types/node@22.5.4": {
      "integrity": "sha512-FDuKUJQm/ju9fT/SeX/6+gBzoPzlVCzfzmGkwKvRHQVxi4BntVbyIwf6a4Xn62mrvndLiml6z/UBXIdEVjQLXg==",
      "dependencies": [
        "undici-types"
      ]
    },
    "ansi-styles@3.2.1": {
      "integrity": "sha512-VT0ZI6kZRdTh8YyJw3SMbYm/u+NqfsAxEpWO0Pf9sq8/e94WxxOpPKx9FR1FlyCtOVDNOQ+8ntlqFxiRc+r5qA==",
      "dependencies": [
        "color-convert@1.9.3"
      ]
    },
    "ansi-styles@4.3.0": {
      "integrity": "sha512-zbB9rCJAT1rbjiVDb2hqKFHNYLxgtk8NURxZ3IZwD3F6NtxbXZQCnnSi1Lkx+IDohdPlFp222wVALIheZJQSEg==",
      "dependencies": [
        "color-convert@2.0.1"
      ]
    },
    "balanced-match@1.0.2": {
      "integrity": "sha512-3oSeUO0TMV67hN1AmbXsK4yaqU7tjiHlbxRDZOpH0KW9+CeX4bRAaX0Anxt0tx2MrpRpWwQaPwIlISEJhYU5Pw=="
    },
    "brace-expansion@1.1.11": {
      "integrity": "sha512-iCuPHDFgrHX7H2vEI/5xpz07zSHB00TpugqhmYtVmMO6518mCuRMoOYFldEBl0g187ufozdaHgWKcYFb61qGiA==",
      "dependencies": [
        "balanced-match",
        "concat-map"
      ]
    },
    "braces@3.0.3": {
      "integrity": "sha512-yQbXgO/OSZVD2IsiLlro+7Hf6Q18EJrKSEsdoMzKePKXct3gvD8oLcOQdIzGupr5Fj+EDe8gO/lxc1BzfMpxvA==",
      "dependencies": [
        "fill-range"
      ]
    },
    "chalk@2.4.2": {
      "integrity": "sha512-Mti+f9lpJNcwF4tWV8/OrTTtF1gZi+f8FqlyAdouralcFWFQWF2+NgCHShjkCb+IFBLq9buZwE1xckQU4peSuQ==",
      "dependencies": [
        "ansi-styles@3.2.1",
        "escape-string-regexp",
        "supports-color@5.5.0"
      ]
    },
    "chalk@4.1.2": {
      "integrity": "sha512-oKnbhFyRIXpUuez8iBMmyEa4nbj4IOQyuhc/wy9kY7/WVPcwIO9VA668Pu8RkO7+0G76SLROeyw9CpQ061i4mA==",
      "dependencies": [
        "ansi-styles@4.3.0",
        "supports-color@7.2.0"
      ]
    },
    "color-convert@1.9.3": {
      "integrity": "sha512-QfAUtd+vFdAtFQcC8CCyYt1fYWxSqAiK2cSD6zDB8N3cpsEBAvRxp9zOGg6G/SHHJYAT88/az/IuDGALsNVbGg==",
      "dependencies": [
        "color-name@1.1.3"
      ]
    },
    "color-convert@2.0.1": {
      "integrity": "sha512-RRECPsj7iu/xb5oKYcsFHSppFNnsj/52OVTRKb4zP5onXwVF3zVmmToNcOfGC+CRDpfK/U584fMg38ZHCaElKQ==",
      "dependencies": [
        "color-name@1.1.4"
      ]
    },
    "color-name@1.1.3": {
      "integrity": "sha512-72fSenhMw2HZMTVHeCA9KCmpEIbzWiQsjN+BHcBbS9vr1mtt+vJjPdksIBNUmKAW8TFUDPJK5SUU3QhE9NEXDw=="
    },
    "color-name@1.1.4": {
      "integrity": "sha512-dOy+3AuW3a2wNbZHIuMZpTcgjGuLU/uBL/ubcZF9OXbDo8ff4O8yVp5Bf0efS8uEoYo5q4Fx7dY9OgQGXgAsQA=="
    },
    "concat-map@0.0.1": {
      "integrity": "sha512-/Srv4dswyQNBfohGpz9o6Yb3Gz3SrUDqBH5rTuhGR7ahtlbYKnVxw2bCFMRljaA7EXHaXZ8wsHdodFvbkhKmqg=="
    },
    "diff@3.5.0": {
      "integrity": "sha512-A46qtFgd+g7pDZinpnwiRJtxbC1hpgf0uzP3iG89scHk0AUC7A1TGxf5OiiOUv/JMZR8GOt8hL900hV0bOy5xA=="
    },
    "dotenv-expand@11.0.7": {
      "integrity": "sha512-zIHwmZPRshsCdpMDyVsqGmgyP0yT8GAgXUnkdAoJisxvf33k7yO6OuoKmcTGuXPWSsm8Oh88nZicRLA9Y0rUeA==",
      "dependencies": [
        "dotenv"
      ]
    },
    "dotenv@16.4.5": {
      "integrity": "sha512-ZmdL2rui+eB2YwhsWzjInR8LldtZHGDoQ1ugH85ppHKwpUHL7j7rN0Ti9NCnGiQbhaZ11FpR+7ao1dNsmduNUg=="
    },
    "escape-string-regexp@1.0.5": {
      "integrity": "sha512-vbRorB5FUQWvla16U8R/qgaFIya2qGzwDrNmCZuYKrbdSUMG6I1ZCGQRefkRVhuOkIGVne7BQ35DSfo1qvJqFg=="
    },
    "fill-range@7.1.1": {
      "integrity": "sha512-YsGpe3WHLK8ZYi4tWDg2Jy3ebRz2rXowDxnld4bkQB00cc/1Zw9AWnC0i9ztDJitivtQvaI9KaLyKrc+hBW0yg==",
      "dependencies": [
        "to-regex-range"
      ]
    },
    "fs.realpath@1.0.0": {
      "integrity": "sha512-OO0pH2lK6a0hZnAdau5ItzHPI6pUlvI7jMVnxUQRtw4owF2wk8lOSabtGDCTP4Ggrg2MbGnWO9X8K1t4+fGMDw=="
    },
    "function-bind@1.1.2": {
      "integrity": "sha512-7XHNxH7qX9xG5mIwxkhumTox/MIRNcOgDrxWsMt2pAr23WHp6MrRlN7FBSFpCpr+oVO0F744iUgR82nJMfG2SA=="
    },
    "git-diff@2.0.6": {
      "integrity": "sha512-/Iu4prUrydE3Pb3lCBMbcSNIf81tgGt0W1ZwknnyF62t3tHmtiJTRj0f+1ZIhp3+Rh0ktz1pJVoa7ZXUCskivA==",
      "dependencies": [
        "chalk@2.4.2",
        "diff",
        "loglevel",
        "shelljs",
        "shelljs.exec"
      ]
    },
    "glob@7.2.3": {
      "integrity": "sha512-nFR0zLpU2YCaRxwoCJvL6UvCH2JFyFVIvwTLsIf21AuHlMskA1hhTdk+LlYJtOlYt9v6dvszD2BGRqBL+iQK9Q==",
      "dependencies": [
        "fs.realpath",
        "inflight",
        "inherits",
        "minimatch",
        "once",
        "path-is-absolute"
      ]
    },
    "has-flag@3.0.0": {
      "integrity": "sha512-sKJf1+ceQBr4SMkvQnBDNDtf4TXpVhVGateu0t918bl30FnbE2m4vNLX+VWe/dpjlb+HugGYzW7uQXH98HPEYw=="
    },
    "has-flag@4.0.0": {
      "integrity": "sha512-EykJT/Q1KjTWctppgIAgfSO0tKVuZUjhgMr17kqTumMl6Afv3EISleU7qZUzoXDFTAHTDC4NOoG/ZxU3EvlMPQ=="
    },
    "hasown@2.0.2": {
      "integrity": "sha512-0hJU9SCPvmMzIBdZFqNPXWa6dqh7WdH0cII9y+CyS8rG3nL48Bclra9HmKhVVUHyPWNH5Y7xDwAB7bfgSjkUMQ==",
      "dependencies": [
        "function-bind"
      ]
    },
    "inflight@1.0.6": {
      "integrity": "sha512-k92I/b08q4wvFscXCLvqfsHCrjrF7yiXsQuIVvVE7N82W3+aqpzuUdBbfhWcy/FZR3/4IgflMgKLOsvPDrGCJA==",
      "dependencies": [
        "once",
        "wrappy"
      ]
    },
    "inherits@2.0.4": {
      "integrity": "sha512-k/vGaX4/Yla3WzyMCvTQOXYeIHvqOKtnqBduzTHpzpQZzAskKMhZ2K+EnBiSM9zGSoIFeMpXKxa4dYeZIQqewQ=="
    },
    "interpret@1.4.0": {
      "integrity": "sha512-agE4QfB2Lkp9uICn7BAqoscw4SZP9kTE2hxiFI3jBPmXJfdqiahTbUuKGsMoN2GtqL9AxhYioAcVvgsb1HvRbA=="
    },
    "is-core-module@2.15.1": {
      "integrity": "sha512-z0vtXSwucUJtANQWldhbtbt7BnL0vxiFjIdDLAatwhDYty2bad6s+rijD6Ri4YuYJubLzIJLUidCh09e1djEVQ==",
      "dependencies": [
        "hasown"
      ]
    },
    "is-number@7.0.0": {
      "integrity": "sha512-41Cifkg6e8TylSpdtTpeLVMqvSBEVzTttHvERD741+pnZ8ANv0004MRL43QKPDlK9cGvNp6NZWZUBlbGXYxxng=="
    },
    "kysely-codegen@0.17.0_kysely@0.27.4_pg@8.13.1": {
      "integrity": "sha512-C36g6epial8cIOSBEWGI9sRfkKSsEzTcivhjPivtYFQnhMdXnrVFaUe7UMZHeSdXaHiWDqDOkReJgWLD8nPKdg==",
      "dependencies": [
        "chalk@4.1.2",
        "dotenv",
        "dotenv-expand",
        "git-diff",
        "kysely",
        "micromatch",
        "minimist",
        "pg",
        "pluralize"
      ]
    },
    "kysely@0.27.4": {
      "integrity": "sha512-dyNKv2KRvYOQPLCAOCjjQuCk4YFd33BvGdf/o5bC7FiW+BB6snA81Zt+2wT9QDFzKqxKa5rrOmvlK/anehCcgA=="
    },
    "loglevel@1.9.2": {
      "integrity": "sha512-HgMmCqIJSAKqo68l0rS2AanEWfkxaZ5wNiEFb5ggm08lDs9Xl2KxBlX3PTcaD2chBM1gXAYf491/M2Rv8Jwayg=="
    },
    "micromatch@4.0.8": {
      "integrity": "sha512-PXwfBhYu0hBCPw8Dn0E+WDYb7af3dSLVWKi3HGv84IdF4TyFoC0ysxFd0Goxw7nSv4T/PzEJQxsYsEiFCKo2BA==",
      "dependencies": [
        "braces",
        "picomatch"
      ]
    },
    "minimatch@3.1.2": {
      "integrity": "sha512-J7p63hRiAjw1NDEww1W7i37+ByIrOWO5XQQAzZ3VOcL0PNybwpfmV/N05zFAzwQ9USyEcX6t3UO+K5aqBQOIHw==",
      "dependencies": [
        "brace-expansion"
      ]
    },
    "minimist@1.2.8": {
      "integrity": "sha512-2yyAR8qBkN3YuheJanUpWC5U3bb5osDywNB8RzDVlDwDHbocAJveqqj1u8+SVD7jkWT4yvsHCpWqqWqAxb0zCA=="
    },
    "oauth4webapi@3.1.3": {
      "integrity": "sha512-dik5wEMdFL5p3JlijYvM7wMNCgaPhblLIDCZtdXcaZp5wgu5Iwmsu7lMzgFhIDTi5d0BJo03LVoOoFQvXMeOeQ=="
    },
    "once@1.4.0": {
      "integrity": "sha512-lNaJgI+2Q5URQBkccEKHTQOPaXdUxnZZElQTZY0MFUAuaEqe1E+Nyvgdz/aIyNi6Z9MzO5dv1H8n58/GELp3+w==",
      "dependencies": [
        "wrappy"
      ]
    },
    "path-is-absolute@1.0.1": {
      "integrity": "sha512-AVbw3UJ2e9bq64vSaS9Am0fje1Pa8pbGqTTsmXfaIiMpnr5DlDhfJOuLj9Sf95ZPVDAUerDfEk88MPmPe7UCQg=="
    },
    "path-parse@1.0.7": {
      "integrity": "sha512-LDJzPVEEEPR+y48z93A0Ed0yXb8pAByGWo/k5YYdYgpY2/2EsOsksJrq7lOHxryrVOn1ejG6oAp8ahvOIQD8sw=="
    },
    "path-to-regexp@6.2.1": {
      "integrity": "sha512-JLyh7xT1kizaEvcaXOQwOc2/Yhw6KZOvPf1S8401UyLk86CU79LN3vl7ztXGm/pZ+YjoyAJ4rxmHwbkBXJX+yw=="
    },
    "pg-cloudflare@1.1.1": {
      "integrity": "sha512-xWPagP/4B6BgFO+EKz3JONXv3YDgvkbVrGw2mTo3D6tVDQRh1e7cqVGvyR3BE+eQgAvx1XhW/iEASj4/jCWl3Q=="
    },
    "pg-connection-string@2.7.0": {
      "integrity": "sha512-PI2W9mv53rXJQEOb8xNR8lH7Hr+EKa6oJa38zsK0S/ky2er16ios1wLKhZyxzD7jUReiWokc9WK5nxSnC7W1TA=="
    },
    "pg-int8@1.0.1": {
      "integrity": "sha512-WCtabS6t3c8SkpDBUlb1kjOs7l66xsGdKpIPZsg4wR+B3+u9UAum2odSsF9tnvxg80h4ZxLWMy4pRjOsFIqQpw=="
    },
    "pg-pool@3.7.0_pg@8.13.1": {
      "integrity": "sha512-ZOBQForurqh4zZWjrgSwwAtzJ7QiRX0ovFkZr2klsen3Nm0aoh33Ls0fzfv3imeH/nw/O27cjdz5kzYJfeGp/g==",
      "dependencies": [
        "pg"
      ]
    },
    "pg-protocol@1.7.0": {
      "integrity": "sha512-hTK/mE36i8fDDhgDFjy6xNOG+LCorxLG3WO17tku+ij6sVHXh1jQUJ8hYAnRhNla4QVD2H8er/FOjc/+EgC6yQ=="
    },
    "pg-types@2.2.0": {
      "integrity": "sha512-qTAAlrEsl8s4OiEQY69wDvcMIdQN6wdz5ojQiOy6YRMuynxenON0O5oCpJI6lshc6scgAY8qvJ2On/p+CXY0GA==",
      "dependencies": [
        "pg-int8",
        "postgres-array",
        "postgres-bytea",
        "postgres-date",
        "postgres-interval"
      ]
    },
    "pg@8.13.1": {
      "integrity": "sha512-OUir1A0rPNZlX//c7ksiu7crsGZTKSOXJPgtNiHGIlC9H0lO+NC6ZDYksSgBYY/thSWhnSRBv8w1lieNNGATNQ==",
      "dependencies": [
        "pg-cloudflare",
        "pg-connection-string",
        "pg-pool",
        "pg-protocol",
        "pg-types",
        "pgpass"
      ]
    },
    "pgpass@1.0.5": {
      "integrity": "sha512-FdW9r/jQZhSeohs1Z3sI1yxFQNFvMcnmfuj4WBMUTxOrAyLMaTcE1aAMBiTlbMNaXvBCQuVi0R7hd8udDSP7ug==",
      "dependencies": [
        "split2"
      ]
    },
    "picomatch@2.3.1": {
      "integrity": "sha512-JU3teHTNjmE2VCGFzuY8EXzCDVwEqB2a8fsIvwaStHhAWJEeVd1o1QD80CU6+ZdEXXSLbSsuLwJjkCBWqRQUVA=="
    },
    "pluralize@8.0.0": {
      "integrity": "sha512-Nc3IT5yHzflTfbjgqWcCPpo7DaKy4FnpB0l/zCAW0Tc7jxAiuqSxHasntB3D7887LSrA93kDJ9IXovxJYxyLCA=="
    },
    "postgres-array@2.0.0": {
      "integrity": "sha512-VpZrUqU5A69eQyW2c5CA1jtLecCsN2U/bD6VilrFDWq5+5UIEVO7nazS3TEcHf1zuPYO/sqGvUvW62g86RXZuA=="
    },
    "postgres-bytea@1.0.0": {
      "integrity": "sha512-xy3pmLuQqRBZBXDULy7KbaitYqLcmxigw14Q5sj8QBVLqEwXfeybIKVWiqAXTlcvdvb0+xkOtDbfQMOf4lST1w=="
    },
    "postgres-date@1.0.7": {
      "integrity": "sha512-suDmjLVQg78nMK2UZ454hAG+OAW+HQPZ6n++TNDUX+L0+uUlLywnoxJKDou51Zm+zTCjrCl0Nq6J9C5hP9vK/Q=="
    },
    "postgres-interval@1.2.0": {
      "integrity": "sha512-9ZhXKM/rw350N1ovuWHbGxnGh/SNJ4cnxHiM0rxE4VN41wsg8P8zWn9hv/buK00RP4WvlOyr/RBDiptyxVbkZQ==",
      "dependencies": [
        "xtend"
      ]
    },
    "rechoir@0.6.2": {
      "integrity": "sha512-HFM8rkZ+i3zrV+4LQjwQ0W+ez98pApMGM3HUrN04j3CqzPOzl9nmP15Y8YXNm8QHGv/eacOVEjqhmWpkRV0NAw==",
      "dependencies": [
        "resolve"
      ]
    },
    "resolve@1.22.8": {
      "integrity": "sha512-oKWePCxqpd6FlLvGV1VU0x7bkPmmCNolxzjMf4NczoDnQcIWrAF+cPtZn5i6n+RfD2d9i0tzpKnG6Yk168yIyw==",
      "dependencies": [
        "is-core-module",
        "path-parse",
        "supports-preserve-symlinks-flag"
      ]
    },
    "shelljs.exec@1.1.8": {
      "integrity": "sha512-vFILCw+lzUtiwBAHV8/Ex8JsFjelFMdhONIsgKNLgTzeRckp2AOYRQtHJE/9LhNvdMmE27AGtzWx0+DHpwIwSw=="
    },
    "shelljs@0.8.5": {
      "integrity": "sha512-TiwcRcrkhHvbrZbnRcFYMLl30Dfov3HKqzp5tO5b4pt6G/SezKcYhmDg15zXVBswHmctSAQKznqNW2LO5tTDow==",
      "dependencies": [
        "glob",
        "interpret",
        "rechoir"
      ]
    },
    "split2@4.2.0": {
      "integrity": "sha512-UcjcJOWknrNkF6PLX83qcHM6KHgVKNkV62Y8a5uYDVv9ydGQVwAHMKqHdJje1VTWpljG0WYpCDhrCdAOYH4TWg=="
    },
    "supports-color@5.5.0": {
      "integrity": "sha512-QjVjwdXIt408MIiAqCX4oUKsgU2EqAGzs2Ppkm4aQYbjm+ZEWEcW4SfFNTr4uMNZma0ey4f5lgLrkB0aX0QMow==",
      "dependencies": [
        "has-flag@3.0.0"
      ]
    },
    "supports-color@7.2.0": {
      "integrity": "sha512-qpCAvRl9stuOHveKsn7HncJRvv501qIacKzQlO/+Lwxc9+0q2wLyv4Dfvt80/DPn2pqOBsJdDiogXGR9+OvwRw==",
      "dependencies": [
        "has-flag@4.0.0"
      ]
    },
    "supports-preserve-symlinks-flag@1.0.0": {
      "integrity": "sha512-ot0WnXS9fgdkgIcePe6RHNk1WA8+muPa6cSjeR3V8K27q9BB1rTE3R1p7Hv0z1ZyAc8s6Vvv8DIyWf681MAt0w=="
    },
    "to-regex-range@5.0.1": {
      "integrity": "sha512-65P7iz6X5yEr1cwcgvQxbbIw7Uk3gOy5dIdtZ4rDveLqhrdJP+Li/Hx6tyK0NEb+2GCyneCMJiGqrADCSNk8sQ==",
      "dependencies": [
        "is-number"
      ]
    },
    "tweetnacl@1.0.3": {
      "integrity": "sha512-6rt+RN7aOi1nGMyC4Xa5DdYiukl2UWCbcJft7YhxReBGQD7OAM8Pbxw6YMo4r2diNEA8FEmu32YOn9rhaiE5yw=="
    },
    "undici-types@6.19.8": {
      "integrity": "sha512-ve2KP6f/JnbPBFyobGHuerC9g1FYGn/F8n1LWTwNxCEzd6IfqTwUQcNXgEtmmQ6DlRrC1hrSrBnCZPokRrDHjw=="
    },
    "uuidv7@1.0.2": {
      "integrity": "sha512-8JQkH4ooXnm1JCIhqTMbtmdnYEn6oKukBxHn1Ic9878jMkL7daTI7anTExfY18VRCX7tcdn5quzvCb6EWrR8PA=="
    },
    "wrappy@1.0.2": {
      "integrity": "sha512-l4Sp/DRseor9wL6EvV2+TuQn63dMkPjZ/sp9XkghTEbV9KlPS1xUsZ3u7/IQO4wxtcFB4bgpQPRcR3QCvezPcQ=="
    },
    "xtend@4.0.2": {
      "integrity": "sha512-LKYU1iAXJXUgAXn9URjiu+MWhyUXHsvfp7mcuYm9dSUKK0/CjtrUwFAxD82/mCWbtLsGjFIad0wIsod4zrTAEQ=="
    }
  },
  "redirects": {
    "https://deno.land/x/esbuild/mod.js": "https://deno.land/x/esbuild@v0.24.0/mod.js"
  },
  "remote": {
    "https://deno.land/std@0.128.0/_util/assert.ts": "e94f2eb37cebd7f199952e242c77654e43333c1ac4c5c700e929ea3aa5489f74",
    "https://deno.land/std@0.128.0/_util/os.ts": "49b92edea1e82ba295ec946de8ffd956ed123e2948d9bd1d3e901b04e4307617",
    "https://deno.land/std@0.128.0/path/_constants.ts": "df1db3ffa6dd6d1252cc9617e5d72165cd2483df90e93833e13580687b6083c3",
    "https://deno.land/std@0.128.0/path/_interface.ts": "ee3b431a336b80cf445441109d089b70d87d5e248f4f90ff906820889ecf8d09",
    "https://deno.land/std@0.128.0/path/_util.ts": "c1e9686d0164e29f7d880b2158971d805b6e0efc3110d0b3e24e4b8af2190d2b",
    "https://deno.land/std@0.128.0/path/common.ts": "bee563630abd2d97f99d83c96c2fa0cca7cee103e8cb4e7699ec4d5db7bd2633",
    "https://deno.land/std@0.128.0/path/glob.ts": "cb5255638de1048973c3e69e420c77dc04f75755524cb3b2e160fe9277d939ee",
    "https://deno.land/std@0.128.0/path/mod.ts": "4275129bb766f0e475ecc5246aa35689eeade419d72a48355203f31802640be7",
    "https://deno.land/std@0.128.0/path/posix.ts": "663e4a6fe30a145f56aa41a22d95114c4c5582d8b57d2d7c9ed27ad2c47636bb",
    "https://deno.land/std@0.128.0/path/separator.ts": "fe1816cb765a8068afb3e8f13ad272351c85cbc739af56dacfc7d93d710fe0f9",
    "https://deno.land/std@0.128.0/path/win32.ts": "e7bdf63e8d9982b4d8a01ef5689425c93310ece950e517476e22af10f41a136e",
    "https://deno.land/std@0.133.0/_deno_unstable.ts": "23a1a36928f1b6d3b0170aaa67de09af12aa998525f608ff7331b9fb364cbde6",
    "https://deno.land/std@0.133.0/_util/assert.ts": "e94f2eb37cebd7f199952e242c77654e43333c1ac4c5c700e929ea3aa5489f74",
    "https://deno.land/std@0.133.0/_util/os.ts": "49b92edea1e82ba295ec946de8ffd956ed123e2948d9bd1d3e901b04e4307617",
    "https://deno.land/std@0.133.0/fs/_util.ts": "0fb24eb4bfebc2c194fb1afdb42b9c3dda12e368f43e8f2321f84fc77d42cb0f",
    "https://deno.land/std@0.133.0/fs/copy.ts": "9248d1492599957af8c693ceb10a432b09f0b0b61c60a4d6aff29b0c7d3a17b3",
    "https://deno.land/std@0.133.0/fs/empty_dir.ts": "7274d87160de34cbed0531e284df383045cf43543bbeadeb97feac598bd8f3c5",
    "https://deno.land/std@0.133.0/fs/ensure_dir.ts": "9dc109c27df4098b9fc12d949612ae5c9c7169507660dcf9ad90631833209d9d",
    "https://deno.land/std@0.133.0/fs/ensure_file.ts": "7d353e64fee3d4d1e7c6b6726a2a5e987ba402c15fb49566309042887349c545",
    "https://deno.land/std@0.133.0/fs/ensure_link.ts": "489e23df9fe3e6636048b5830ddf0f111eb29621eb85719255ad9bd645f3471b",
    "https://deno.land/std@0.133.0/fs/ensure_symlink.ts": "88dc83de1bc90ed883dd458c2d2eae3d5834a4617d12925734836e1f0803b274",
    "https://deno.land/std@0.133.0/fs/eol.ts": "b92f0b88036de507e7e6fbedbe8f666835ea9dcbf5ac85917fa1fadc919f83a5",
    "https://deno.land/std@0.133.0/fs/exists.ts": "cb734d872f8554ea40b8bff77ad33d4143c1187eac621a55bf37781a43c56f6d",
    "https://deno.land/std@0.133.0/fs/expand_glob.ts": "0c10130d67c9b02164b03df8e43c6d6defbf8e395cb69d09e84a8586e6d72ac3",
    "https://deno.land/std@0.133.0/fs/mod.ts": "4dc052c461c171abb5c25f6e0f218ab838a716230930b534ba351745864b7d6d",
    "https://deno.land/std@0.133.0/fs/move.ts": "0573cedcf583f09a9494f2dfccbf67de68a93629942d6b5e6e74a9e45d4e8a2e",
    "https://deno.land/std@0.133.0/fs/walk.ts": "117403ccd21fd322febe56ba06053b1ad5064c802170f19b1ea43214088fe95f",
    "https://deno.land/std@0.133.0/path/_constants.ts": "df1db3ffa6dd6d1252cc9617e5d72165cd2483df90e93833e13580687b6083c3",
    "https://deno.land/std@0.133.0/path/_interface.ts": "ee3b431a336b80cf445441109d089b70d87d5e248f4f90ff906820889ecf8d09",
    "https://deno.land/std@0.133.0/path/_util.ts": "c1e9686d0164e29f7d880b2158971d805b6e0efc3110d0b3e24e4b8af2190d2b",
    "https://deno.land/std@0.133.0/path/common.ts": "bee563630abd2d97f99d83c96c2fa0cca7cee103e8cb4e7699ec4d5db7bd2633",
    "https://deno.land/std@0.133.0/path/glob.ts": "cb5255638de1048973c3e69e420c77dc04f75755524cb3b2e160fe9277d939ee",
    "https://deno.land/std@0.133.0/path/mod.ts": "4275129bb766f0e475ecc5246aa35689eeade419d72a48355203f31802640be7",
    "https://deno.land/std@0.133.0/path/posix.ts": "663e4a6fe30a145f56aa41a22d95114c4c5582d8b57d2d7c9ed27ad2c47636bb",
    "https://deno.land/std@0.133.0/path/separator.ts": "fe1816cb765a8068afb3e8f13ad272351c85cbc739af56dacfc7d93d710fe0f9",
    "https://deno.land/std@0.133.0/path/win32.ts": "e7bdf63e8d9982b4d8a01ef5689425c93310ece950e517476e22af10f41a136e",
    "https://deno.land/std@0.168.0/_util/asserts.ts": "d0844e9b62510f89ce1f9878b046f6a57bf88f208a10304aab50efcb48365272",
    "https://deno.land/std@0.168.0/flags/mod.ts": "4f50ec6383c02684db35de38b3ffb2cd5b9fcfcc0b1147055d1980c49e82521c",
    "https://deno.land/std@0.191.0/_util/asserts.ts": "178dfc49a464aee693a7e285567b3d0b555dc805ff490505a8aae34f9cfb1462",
    "https://deno.land/std@0.191.0/bytes/concat.ts": "d26d6f3d7922e6d663dacfcd357563b7bf4a380ce5b9c2bbe0c8586662f25ce2",
    "https://deno.land/std@0.191.0/bytes/copy.ts": "939d89e302a9761dcf1d9c937c7711174ed74c59eef40a1e4569a05c9de88219",
    "https://deno.land/std@0.191.0/io/buf_reader.ts": "06fff3337091c49e99ebd2dd790c9a90364c087a2953ea081667400fd6c6cebb",
    "https://deno.land/std@0.191.0/io/read_lines.ts": "c526c12a20a9386dc910d500f9cdea43cba974e853397790bd146817a7eef8cc",
    "https://deno.land/std@0.214.0/assert/assert.ts": "bec068b2fccdd434c138a555b19a2c2393b71dfaada02b7d568a01541e67cdc5",
    "https://deno.land/std@0.214.0/assert/assertion_error.ts": "9f689a101ee586c4ce92f52fa7ddd362e86434ffdf1f848e45987dc7689976b8",
    "https://deno.land/std@0.214.0/path/_common/assert_path.ts": "2ca275f36ac1788b2acb60fb2b79cb06027198bc2ba6fb7e163efaedde98c297",
    "https://deno.land/std@0.214.0/path/_common/constants.ts": "dc5f8057159f4b48cd304eb3027e42f1148cf4df1fb4240774d3492b5d12ac0c",
    "https://deno.land/std@0.214.0/path/_common/glob_to_reg_exp.ts": "2007aa87bed6eb2c8ae8381adcc3125027543d9ec347713c1ad2c68427330770",
    "https://deno.land/std@0.214.0/path/_common/normalize.ts": "684df4aa71a04bbcc346c692c8485594fc8a90b9408dfbc26ff32cf3e0c98cc8",
    "https://deno.land/std@0.214.0/path/_common/normalize_string.ts": "dfdf657a1b1a7db7999f7c575ee7e6b0551d9c20f19486c6c3f5ff428384c965",
    "https://deno.land/std@0.214.0/path/_os.ts": "8fb9b90fb6b753bd8c77cfd8a33c2ff6c5f5bc185f50de8ca4ac6a05710b2c15",
    "https://deno.land/std@0.214.0/path/glob.ts": "04510962905d4b1513b44da9cb195914e0fa46c24359f6feaca20848d797dcb0",
    "https://deno.land/std@0.214.0/path/glob_to_regexp.ts": "83c5fd36a8c86f5e72df9d0f45317f9546afa2ce39acaafe079d43a865aced08",
    "https://deno.land/std@0.214.0/path/is_glob.ts": "a65f6195d3058c3050ab905705891b412ff942a292bcbaa1a807a74439a14141",
    "https://deno.land/std@0.214.0/path/join_globs.ts": "e9589869a33dc3982101898ee50903db918ca00ad2614dbe3934d597d7b1fbea",
    "https://deno.land/std@0.214.0/path/normalize_glob.ts": "98ee8268fad271193603271c203ae973280b5abfbdd2cbca1053fd2af71869ca",
    "https://deno.land/std@0.214.0/path/posix/_util.ts": "1e3937da30f080bfc99fe45d7ed23c47dd8585c5e473b2d771380d3a6937cf9d",
    "https://deno.land/std@0.214.0/path/posix/constants.ts": "93481efb98cdffa4c719c22a0182b994e5a6aed3047e1962f6c2c75b7592bef1",
    "https://deno.land/std@0.214.0/path/posix/glob_to_regexp.ts": "54d3ff40f309e3732ab6e5b19d7111d2d415248bcd35b67a99defcbc1972e697",
    "https://deno.land/std@0.214.0/path/posix/join.ts": "aef88d5fa3650f7516730865dbb951594d1a955b785e2450dbee93b8e32694f3",
    "https://deno.land/std@0.214.0/path/posix/join_globs.ts": "ee2f4676c5b8a0dfa519da58b8ade4d1c4aa8dd3fe35619edec883ae9df1f8c9",
    "https://deno.land/std@0.214.0/path/posix/normalize.ts": "baeb49816a8299f90a0237d214cef46f00ba3e95c0d2ceb74205a6a584b58a91",
    "https://deno.land/std@0.214.0/path/posix/normalize_glob.ts": "65f0138fa518ef9ece354f32889783fc38cdf985fb02dcf1c3b14fa47d665640",
    "https://deno.land/std@0.214.0/path/windows/_util.ts": "d5f47363e5293fced22c984550d5e70e98e266cc3f31769e1710511803d04808",
    "https://deno.land/std@0.214.0/path/windows/constants.ts": "5afaac0a1f67b68b0a380a4ef391bf59feb55856aa8c60dfc01bd3b6abb813f5",
    "https://deno.land/std@0.214.0/path/windows/glob_to_regexp.ts": "6dcd1242bd8907aa9660cbdd7c93446e6927b201112b0cba37ca5d80f81be51b",
    "https://deno.land/std@0.214.0/path/windows/join.ts": "e0b3356615c1a75c56ebb6a7311157911659e11fd533d80d724800126b761ac3",
    "https://deno.land/std@0.214.0/path/windows/join_globs.ts": "ee2f4676c5b8a0dfa519da58b8ade4d1c4aa8dd3fe35619edec883ae9df1f8c9",
    "https://deno.land/std@0.214.0/path/windows/normalize.ts": "78126170ab917f0ca355a9af9e65ad6bfa5be14d574c5fb09bb1920f52577780",
    "https://deno.land/std@0.214.0/path/windows/normalize_glob.ts": "179c86ba89f4d3fe283d2addbe0607341f79ee9b1ae663abcfb3439db2e97810",
    "https://deno.land/x/deno_deno@1.42.1.7/main.js": "b351e5cd0c767820875acd985fbd3462543855be5918a2fe8987f2c921d9eec9",
    "https://deno.land/x/denodash@0.1.3/src/lang/cloneDeep.ts": "5c0a50238bcaee6e5cdc221497116714058c768032077f91f51b085eae6af809",
    "https://deno.land/x/denoflate@1.2.1/mod.ts": "f5628e44b80b3d80ed525afa2ba0f12408e3849db817d47a883b801f9ce69dd6",
    "https://deno.land/x/denoflate@1.2.1/pkg/denoflate.js": "b9f9ad9457d3f12f28b1fb35c555f57443427f74decb403113d67364e4f2caf4",
    "https://deno.land/x/denoflate@1.2.1/pkg/denoflate_bg.wasm.js": "d581956245407a2115a3d7e8d85a9641c032940a8e810acbd59ca86afd34d44d",
    "https://deno.land/x/esbuild@v0.24.0/mod.js": "15b51f08198c373555700a695b6c6630a86f2c254938e81be7711eb6d4edc74e",
    "https://deno.land/x/good@1.3.0.4/iterable.js": "8cb1f2121e331fd137f4067ec534e7733a85d931fb13f523bd4ad90420a849a3",
    "https://deno.land/x/good@1.3.0.4/string.js": "ac551bd2a52ef56e9c2dd9ac58dfe91b7c66b4094338073006702ba703d4f260",
    "https://deno.land/x/good@1.3.0.4/value.js": "6dc5f372ada02451188d85096633e6dd1e25241e139746868f78ae7c5572cbbd",
    "https://deno.land/x/good@1.5.0.3/value.js": "dc5b96f2dabc51f0d1d86d3cf72ef55f623b82b7b2f0698b41b4714b4201247d",
    "https://deno.land/x/good@1.6.0.1/async.js": "f6c364c55802a90608485e708899d38699e7ba55386f10bff29339fd939a5898",
    "https://deno.land/x/good@1.6.0.1/iterable.js": "42885dceeb9173b21ba8489e6cc3b10db640428aff7c31394a253c7894dba3e6",
    "https://deno.land/x/good@1.6.0.1/string.js": "0e5985e4566e401292c7c0de89c64bc45d900c00e2fd4ab60b9cf16bdbdd449d",
    "https://deno.land/x/good@1.6.0.1/value.js": "dc5b96f2dabc51f0d1d86d3cf72ef55f623b82b7b2f0698b41b4714b4201247d",
    "https://deno.land/x/quickr@0.6.38/main/console.js": "9241a9017b1fc7f50723878f11ba802f2e011a19b7d4a1ace9e5368ca324ec7e",
    "https://deno.land/x/quickr@0.6.38/main/operating_system.js": "92e6f8fabeb9fd3a127a439ec7b391d14d64c5866af4b2ebd4b2a8c236db7e6c",
    "https://deno.land/x/quickr@0.6.72/main/file_system.js": "3b56ab842e1725ffb5bae0693fdb77b91f716e77dcbc10e19a1a487a2f4f6d73",
    "https://deno.land/x/quickr@0.6.72/main/flat/_path_standardize.js": "d3ac928d9bed148d81f892cda7ccd9502c28325622fb4b7b8f4fb55f94c91902",
    "https://deno.land/x/quickr@0.6.72/main/flat/escape_glob.js": "b7e7b9927863be2cc59a112a746e2c6efd12aa5c3b6f63e88175ca63d3095a19",
    "https://deno.land/x/quickr@0.6.72/main/flat/escape_glob_for_posix.js": "f3b11ddcf283af1346ab4874b6ed2eb7f8f445a617b7868a2561bd47b2db1fca",
    "https://deno.land/x/quickr@0.6.72/main/flat/escape_glob_for_windows.js": "e01be2e2eb4cee9242a7b3a8b999a4e4e3fb1c55e869158c2260bb5d2ec33349",
    "https://deno.land/x/quickr@0.6.72/main/flat/make_absolute_path.js": "6782f5f867daa54ecdc7aced678fd243609048c832065cb7c8b6ac7de6e50a3a",
    "https://deno.land/x/quickr@0.6.72/main/flat/normalize_path.js": "5971bf1a29c04f3d79188fa4f05bc46927a90ad60ba3bb61b0456776966bd206",
    "https://deno.land/x/quickr@0.6.72/main/flat/path.js": "ee37276b58496aaeff34735e140a6f7d5a71bd2b24c67246d35f035c377cf003",
    "https://esm.sh/jsr/@duesabati/esbuild-deno-plugin@0.1.0/mod.ts": "da0bdf22dd056595315fb0b9b22791cbcb22fc73c56ec88e8f27e8e4fe1bb28a",
    "https://esm.sh/v135/@jsr/duesabati__esbuild-deno-plugin@0.1.0/denonext/mod.ts.js": "7a9fc5f551b05254054ba76cb60c4e3e873c9156bc769e39d5b1c32f1624faa5",
    "https://esm.sh/v135/@jsr/std__encoding@1.0.1/denonext/base32.js": "e01bfb9f1270ec8f01df07925609d0051739a6038e38e1b9402a2c618a0a15f4",
    "https://esm.sh/v135/@jsr/std__fs@1.0.1/denonext/copy.js": "228a9ee0bd8f242e0a6efa78cc8ecc8110a2021b070d481c05052ff55c5aadc5",
    "https://esm.sh/v135/@jsr/std__fs@1.0.1/denonext/empty-dir.js": "fc93b2931a47f13f2bab08e7808f0ae24b2ce38e6b27f603616065234a82498f",
    "https://esm.sh/v135/@jsr/std__fs@1.0.1/denonext/ensure-dir.js": "52488a2c37465c9586ef3f66c798592fa364ee7692757370d2f1b30b2f06d6a6",
    "https://esm.sh/v135/@jsr/std__fs@1.0.1/denonext/ensure-file.js": "4ed6c571cbe4bfb10476566e41b1a853f7452e4a5001ba097b930532a8bad96d",
    "https://esm.sh/v135/@jsr/std__fs@1.0.1/denonext/ensure-link.js": "6b6bfb1cc58baeaf85d4025b30217d586b2ac4be056d0a9b293bdd04b92dfc02",
    "https://esm.sh/v135/@jsr/std__fs@1.0.1/denonext/ensure-symlink.js": "a742a9de73ea7403251aee74aae4edf0a69db710141bcccced1fbf149f53241a",
    "https://esm.sh/v135/@jsr/std__fs@1.0.1/denonext/eol.js": "7290d9727289229996d5d971fe230243e6e80bf4b16633f5e6adbed19cbfd451",
    "https://esm.sh/v135/@jsr/std__fs@1.0.1/denonext/exists.js": "7b7b082256453e4ec25c5c6d21c4a0189312bf3d33cd55040ba534988c04beb1",
    "https://esm.sh/v135/@jsr/std__fs@1.0.1/denonext/expand-glob.js": "f06941c940f8db61bd251fc227037635009f212231f4138150cfccacfe6d1b4d",
    "https://esm.sh/v135/@jsr/std__fs@1.0.1/denonext/move.js": "49f90daf85fb7d3dcd947b3413583704f7888d85bf8f59750156cb76c5874e5b",
    "https://esm.sh/v135/@jsr/std__fs@1.0.1/denonext/std__fs.mjs": "19ecb0e07c184134c681958fef326a651c39c4ded12855f6579f28395fe3a511",
    "https://esm.sh/v135/@jsr/std__fs@1.0.1/denonext/walk.js": "21f986505eff314ca94fac5e23eafb3d576cff448b5b8dda13f830a02c63e671",
    "https://esm.sh/v135/@jsr/std__jsonc@1.0.0/denonext/parse.js": "4bc277d24935b5b8a66dda6f7a81588a2e26cb10e9dcc3af3efd526f56670a29",
    "https://esm.sh/v135/@jsr/std__jsonc@1.0.0/denonext/std__jsonc.mjs": "c3b3b655bdc0d60208e25984a5898ce37e52e2c61f47f34f922a93dbada5da40",
    "https://esm.sh/v135/@jsr/std__path@1.0.2/denonext/basename.js": "5bf034fcb86f81daaab782a22e119239970240d4db62462e79f0dcc3635e1e10",
    "https://esm.sh/v135/@jsr/std__path@1.0.2/denonext/common.js": "f14ca7c759a1c0424c389788098cbd02b3fc443d0e4f765724c2b0f4b2986ea3",
    "https://esm.sh/v135/@jsr/std__path@1.0.2/denonext/constants.js": "8ef80e508800114b3043d30181b25178309d4de6fc275f0c3b15cec8ee4ff3c1",
    "https://esm.sh/v135/@jsr/std__path@1.0.2/denonext/dirname.js": "b0e6dd583f610e34eb75c1d138a9585c36b08e9025dc705690637bd893b54b3a",
    "https://esm.sh/v135/@jsr/std__path@1.0.2/denonext/extname.js": "9e0b26f80bcd979cedafa4da1516ac886f6789ec427c386bf525aafdfc6505ae",
    "https://esm.sh/v135/@jsr/std__path@1.0.2/denonext/format.js": "8cc4305fefde807c5f24757905e99e81b492dadfcb3e827757961c5ecc3167d8",
    "https://esm.sh/v135/@jsr/std__path@1.0.2/denonext/from-file-url.js": "2f6600dcc759013e39f31767285a8fc210b0b50ce066562dea555b6e821f9d19",
    "https://esm.sh/v135/@jsr/std__path@1.0.2/denonext/glob-to-regexp.js": "8f538a2c05c4e35372f7806a9ddf66e40f5b897416f9d12cebe944fc94b9ad4d",
    "https://esm.sh/v135/@jsr/std__path@1.0.2/denonext/is-absolute.js": "f64698c9f110be2316de6677d674445e533e10660329a3bbcc3e594448aa0ca9",
    "https://esm.sh/v135/@jsr/std__path@1.0.2/denonext/is-glob.js": "45789f036708030fc5f343345f89facc735072d2b3929b398b7e0ccfc8f504e0",
    "https://esm.sh/v135/@jsr/std__path@1.0.2/denonext/join-globs.js": "d57ca974efeac52f264e070ef4c30832e61791b846da00a6fe63f8a64fe857e1",
    "https://esm.sh/v135/@jsr/std__path@1.0.2/denonext/join.js": "0c76ea26851b901e7a63d5f9bf0c9f7c48f98be7e9dd90a573eb8b79c2135c21",
    "https://esm.sh/v135/@jsr/std__path@1.0.2/denonext/normalize-glob.js": "856d779e2e32d279c38daf1fea39d6717a5937fc978aebb252daa19d83321616",
    "https://esm.sh/v135/@jsr/std__path@1.0.2/denonext/normalize.js": "48e14984ec8ffa8b99248c3b19b5e4cfdad8fd3fd54c77b07daef6b74ee3e004",
    "https://esm.sh/v135/@jsr/std__path@1.0.2/denonext/parse.js": "5277535a75899f2e0297246ab8951fb1f020a1e96c5c9154ce0c3353e49c9590",
    "https://esm.sh/v135/@jsr/std__path@1.0.2/denonext/posix/basename.js": "9d36c1feb5cae18af3bb668c60925c1cf0ac566a38383ce15861b74885bdee95",
    "https://esm.sh/v135/@jsr/std__path@1.0.2/denonext/posix/constants.js": "af652e6971231a4d09c7382f4b17106029982e9632e46bed0d5b36196be7ae05",
    "https://esm.sh/v135/@jsr/std__path@1.0.2/denonext/posix/dirname.js": "5299428312f67381b8085cd5e7b631305d9b3534d56723c24d87a65feaf4372f",
    "https://esm.sh/v135/@jsr/std__path@1.0.2/denonext/posix/extname.js": "cac8515a2809cce5399c3d99153f40bcf31e2d4a9a9fb1723074daa82bf563b2",
    "https://esm.sh/v135/@jsr/std__path@1.0.2/denonext/posix/format.js": "25dca65be010f0acbedec5a6ad57207d69571d9ab98904d68e13106a222c16ef",
    "https://esm.sh/v135/@jsr/std__path@1.0.2/denonext/posix/from-file-url.js": "fcadd9497d527f6363eea3f82c69b1e7d67401394d98097df8a99e5d0b4d4c49",
    "https://esm.sh/v135/@jsr/std__path@1.0.2/denonext/posix/glob-to-regexp.js": "1ca257d95bc2ce9b6a085f568d0b6a3faacda904d8bebc16653cb5366bd74378",
    "https://esm.sh/v135/@jsr/std__path@1.0.2/denonext/posix/is-absolute.js": "750f0d2ec9fce8edb6e31e57cd8bf5766bc632172de115899ef93f1ca8b30c4e",
    "https://esm.sh/v135/@jsr/std__path@1.0.2/denonext/posix/join-globs.js": "9146d3c586f5c7ee6a5ae63ecfce747770a3efbadaac963051a7d1c71e6e403a",
    "https://esm.sh/v135/@jsr/std__path@1.0.2/denonext/posix/join.js": "eec6f93beb000d19f0b987321ace66fa0641fada60a9b9dc5449f9a5bb500677",
    "https://esm.sh/v135/@jsr/std__path@1.0.2/denonext/posix/normalize-glob.js": "ebd54f849c969cb19f300df02bbd75450172d363b375eee983cb7bdafbd95577",
    "https://esm.sh/v135/@jsr/std__path@1.0.2/denonext/posix/normalize.js": "8a1343f3db38d8a080e7985a2611b98b7b5a2a722d9fc5e71b139e127e1ce4f3",
    "https://esm.sh/v135/@jsr/std__path@1.0.2/denonext/posix/parse.js": "9e16d566aa410f5ca2b732816d8d0b9b5c569e2e2cc1421a5da0e2627cf0a8cd",
    "https://esm.sh/v135/@jsr/std__path@1.0.2/denonext/posix/relative.js": "87f46d1bd68d2d9c40aa5864c138709afa692d96117c85fd40f366059c1195a9",
    "https://esm.sh/v135/@jsr/std__path@1.0.2/denonext/posix/resolve.js": "a4247bbb783abe23052c4a790652c910562a6fcc08653302d2126490aaf6d5d6",
    "https://esm.sh/v135/@jsr/std__path@1.0.2/denonext/posix/to-file-url.js": "8246a541d1af2abb4fc496fd0fb1fe1de9703da2a4924d697dceaccf1679d4b6",
    "https://esm.sh/v135/@jsr/std__path@1.0.2/denonext/posix/to-namespaced-path.js": "b00d291c4f1cbd9243cd932347a547afa7948413adca14a001d9e40785a634eb",
    "https://esm.sh/v135/@jsr/std__path@1.0.2/denonext/relative.js": "9d0d881b359012b647216a65fd52f669573a1a9a1f36919d76b9f326b2bd40e3",
    "https://esm.sh/v135/@jsr/std__path@1.0.2/denonext/resolve.js": "a5bb05b7b0c078e037a4c2a15e7124004cf1335a3bf74ba856b698bd76b034e9",
    "https://esm.sh/v135/@jsr/std__path@1.0.2/denonext/std__path.mjs": "33f2490ad2046cb40b795d427139ba9c8ab6f71b56192f9fac07318623b0c7a8",
    "https://esm.sh/v135/@jsr/std__path@1.0.2/denonext/to-file-url.js": "6aadfbbc3d6519476b63b1af87e7b529afc05d12b1a6f1b9531433df4b010609",
    "https://esm.sh/v135/@jsr/std__path@1.0.2/denonext/to-namespaced-path.js": "908f7130fe3d68d8557e83f101b9df57609fa964174e996c0531a277b5b55f22",
    "https://esm.sh/v135/@jsr/std__path@1.0.2/denonext/types.js": "6f86358f1c39d823d6e1e1206e8c8b6cfa5fa5ee3f2649188e2678a265fd7405",
    "https://esm.sh/v135/@jsr/std__path@1.0.2/denonext/windows/basename.js": "f3ca993d105bef2847cb48ec5542d81786490046d566207d8396deed043ae1c7",
    "https://esm.sh/v135/@jsr/std__path@1.0.2/denonext/windows/constants.js": "45d452081813e0cdc494b36c3fc9fe22f0fb407380643bb09a8d0b0e0c857f2a",
    "https://esm.sh/v135/@jsr/std__path@1.0.2/denonext/windows/dirname.js": "707fdde7c94939af2d5f4836af4c957cdc26e97ad6d349fcfc584bdbd30dadd2",
    "https://esm.sh/v135/@jsr/std__path@1.0.2/denonext/windows/extname.js": "eabeead4a5f0628f0ed2f4dd38c097dbdb371659b009d88bee5a3def23f75a1f",
    "https://esm.sh/v135/@jsr/std__path@1.0.2/denonext/windows/format.js": "b7ff239b09e012f19aeb1cec3d337b5edd59204c361de10f0afdc000a0c33d49",
    "https://esm.sh/v135/@jsr/std__path@1.0.2/denonext/windows/from-file-url.js": "6582227286c30c22756f840d99881dae3db7d00d671f02e0abf0b921b07ea906",
    "https://esm.sh/v135/@jsr/std__path@1.0.2/denonext/windows/glob-to-regexp.js": "e20564e5d4e709a6187e41ea4ddc02a6e50d9e4d8646ab468d640212fb298ae4",
    "https://esm.sh/v135/@jsr/std__path@1.0.2/denonext/windows/is-absolute.js": "a683c47031a89fb6df79a444a08785c44e5ffb25defdf4bea8dc8e443aba7ef2",
    "https://esm.sh/v135/@jsr/std__path@1.0.2/denonext/windows/join-globs.js": "3641b96ae7cf4ed5691896d14561130d1c7383358452c031375617aa372e8b49",
    "https://esm.sh/v135/@jsr/std__path@1.0.2/denonext/windows/join.js": "89ad4da933cb61f736a6d3dc64bd20c4ea9ccbeebaa30476781f040b1ece1565",
    "https://esm.sh/v135/@jsr/std__path@1.0.2/denonext/windows/normalize-glob.js": "8fed9fe19c5514eb0faa8a335fcb93dd86f9be3ccf9c4bfc0a158632f46c408c",
    "https://esm.sh/v135/@jsr/std__path@1.0.2/denonext/windows/normalize.js": "e098fcc656baf01f0f71b97faa73bc2a7a89b042e2b4850f9c31f5f9dc467767",
    "https://esm.sh/v135/@jsr/std__path@1.0.2/denonext/windows/parse.js": "34b5d0acc8db55f1ea7f17d3dd5e700c4b13203e7a4a16bf61c3de7a79b43c23",
    "https://esm.sh/v135/@jsr/std__path@1.0.2/denonext/windows/relative.js": "585b563e280940c6972c207508bbd97f24b319a2af4f803257a5bc5e47feae20",
    "https://esm.sh/v135/@jsr/std__path@1.0.2/denonext/windows/resolve.js": "c5f0a98fc8db1ceeae1a2e87eac4676bd48fafe6d7f91dc2c87140877626d507",
    "https://esm.sh/v135/@jsr/std__path@1.0.2/denonext/windows/to-file-url.js": "fa9b66dcfb2e40b035ebd708b468b68c01e64c06cc7475a3409eb69914263bbd",
    "https://esm.sh/v135/@jsr/std__path@1.0.2/denonext/windows/to-namespaced-path.js": "5377272c69fa33f5998c6f711196751994dbbda6b61c1062ae2904ef8b081cef",
    "https://esm.sh/v135/@jsr/std__path@1.0.6/denonext/basename.js": "3c9d2ed750d4d2722c02839e38a77855beadeec5d9dfaa22ce4ba0e98f8b299e",
    "https://esm.sh/v135/@jsr/std__path@1.0.6/denonext/constants.js": "c4268f7620e69236c806e34ff2d4b576b616838245ab83fc08e691932c7dc04a",
    "https://esm.sh/v135/@jsr/std__path@1.0.6/denonext/dirname.js": "f7b9ab569996b4e3dca94d67e440da0dddfb7e99b3c85bb4d1cec9b0901be7e0",
    "https://esm.sh/v135/@jsr/std__path@1.0.6/denonext/from-file-url.js": "be42b0683e6c31bddd968637dc631b411ee2e5bc04bd1e3dc6272834f1db70d1",
    "https://esm.sh/v135/@jsr/std__path@1.0.6/denonext/glob-to-regexp.js": "f58a5de48ae0240ece89ea19378e36a3605f7f2baee27c4076e764cf1d6f257f",
    "https://esm.sh/v135/@jsr/std__path@1.0.6/denonext/is-absolute.js": "157a440ef7e4c8535f2e62ee3432ce2ef9077bbb2f903d88b96083af30b2c6d0",
    "https://esm.sh/v135/@jsr/std__path@1.0.6/denonext/is-glob.js": "8e214e2d5c6c737974ec9f7317b30788f548c8d422b9e49b0c1951ba20e61466",
    "https://esm.sh/v135/@jsr/std__path@1.0.6/denonext/join-globs.js": "ccc60248a4014ead0893cc52a2c722141744857dcba1837f1b2c27040b8189e2",
    "https://esm.sh/v135/@jsr/std__path@1.0.6/denonext/join.js": "dbc11bd4a565b79c751cdac30ecebb18c7e57509b9590db65ad69e7458c178a7",
    "https://esm.sh/v135/@jsr/std__path@1.0.6/denonext/normalize.js": "7ea660d3bff8ef72924dbd43f849260295b988071cefeec1281c22e5ada8c6bd",
    "https://esm.sh/v135/@jsr/std__path@1.0.6/denonext/posix/basename.js": "4b878508fe8c5cdc9628432a36303afb95217e1c19e78a55ff23014828cf51cd",
    "https://esm.sh/v135/@jsr/std__path@1.0.6/denonext/posix/constants.js": "876ccaa3b6a381c087a08c6ee99f55d07233f483e7176ddd389d5e0854e1a3ad",
    "https://esm.sh/v135/@jsr/std__path@1.0.6/denonext/posix/dirname.js": "e9375f2787cd20beedfa98a9818551136afc5d99bca00cc8c8a18606a2414fac",
    "https://esm.sh/v135/@jsr/std__path@1.0.6/denonext/posix/from-file-url.js": "e9d4560c15266fbeaae956a143746a9a5baec4f574f4321b005071e9c3ca3a5f",
    "https://esm.sh/v135/@jsr/std__path@1.0.6/denonext/posix/glob-to-regexp.js": "dfae0d50bbc8dc0f1b2135f022eb4c48285e1587597011839f67e984ea7533d9",
    "https://esm.sh/v135/@jsr/std__path@1.0.6/denonext/posix/is-absolute.js": "b83661d157bb072576ccb378a660e873431cf351e52b999db0573c51dc342f6d",
    "https://esm.sh/v135/@jsr/std__path@1.0.6/denonext/posix/join-globs.js": "251de772fcb306259b1884b179b9ba65338d4793d8b457d4a9a4737b8135f135",
    "https://esm.sh/v135/@jsr/std__path@1.0.6/denonext/posix/join.js": "72c124865268651587e0590788b2e0d515197404c258c0fcf9881a03f926bd3f",
    "https://esm.sh/v135/@jsr/std__path@1.0.6/denonext/posix/normalize-glob.js": "cada514791018c77b91397372eef0d9bfea99a1727584e21f07882fc17b1f2d3",
    "https://esm.sh/v135/@jsr/std__path@1.0.6/denonext/posix/normalize.js": "5ff8deefd29e34d7af7ebf443ec43207a65325b65f42345aa44d826a9a81373f",
    "https://esm.sh/v135/@jsr/std__path@1.0.6/denonext/posix/resolve.js": "754eda2bd0c51f687cc98f5179a03497c1606a67fa4b886fa4c41a56edadb048",
    "https://esm.sh/v135/@jsr/std__path@1.0.6/denonext/resolve.js": "3d1206f6af79c6ee1e92438e760a9f666aba16b049a5a6511de6cdcef4d0aefd",
    "https://esm.sh/v135/@jsr/std__path@1.0.6/denonext/windows/basename.js": "36d6a13706119f3eb6da23fa23aa150f669884184c8e4a68829dc3fedc5acb52",
    "https://esm.sh/v135/@jsr/std__path@1.0.6/denonext/windows/constants.js": "0aaf3a0d51574ab84caf10c9aacb242ad4fb4f49a8e72ebf1e6bb37da8abf828",
    "https://esm.sh/v135/@jsr/std__path@1.0.6/denonext/windows/dirname.js": "8e97ce899857ec3204ad727a0156d2f9ced5bb1d5cadbe12d3118875ccb4849c",
    "https://esm.sh/v135/@jsr/std__path@1.0.6/denonext/windows/from-file-url.js": "cc5318cd9a2f33a877bf6c8eefb6f6b4f1a4a4a74363d04ac9485cf78e5803f5",
    "https://esm.sh/v135/@jsr/std__path@1.0.6/denonext/windows/glob-to-regexp.js": "e8914eb03ca1338b2dda1070c202e4f5d33245fe67e7fe791782f42be0507b71",
    "https://esm.sh/v135/@jsr/std__path@1.0.6/denonext/windows/is-absolute.js": "10db3a3d9d6e1c9d438f4fac10d0cc158195ba1ad18a69c8684084f7a63c0312",
    "https://esm.sh/v135/@jsr/std__path@1.0.6/denonext/windows/join-globs.js": "b073e728e8a554182cd8b7f622631db8e19514be0a0eb4fc82cfe481557056e4",
    "https://esm.sh/v135/@jsr/std__path@1.0.6/denonext/windows/join.js": "25474d1b3e210f2fcea672a753c31f0afc0931296a395dbd8c47ba982ed2ea49",
    "https://esm.sh/v135/@jsr/std__path@1.0.6/denonext/windows/normalize-glob.js": "245fdad2caa4f0fad4bc71d3375fdb50e5fbe3c89c12f6ce8e5c1d0b103de1cf",
    "https://esm.sh/v135/@jsr/std__path@1.0.6/denonext/windows/normalize.js": "688b7e238908eae082ff3de0331409fd08019658ba8474c410281cd3eea77805",
    "https://esm.sh/v135/@jsr/std__path@1.0.6/denonext/windows/resolve.js": "f9ae0a7a52f77ab959fa494cde1af3320409bc1efcf9da6ce111663c13c7aa9b"
  },
  "workspace": {
    "dependencies": [
      "jsr:@oak/oak@^17.1.3",
      "jsr:@purity/purity@~0.2.1",
      "jsr:@raul/env@0.1",
      "npm:kysely-codegen@0.17",
      "npm:kysely@~0.27.4",
      "npm:oauth4webapi@^3.1.3",
      "npm:pg@^8.13.1",
      "npm:tweetnacl@^1.0.3",
      "npm:uuidv7@^1.0.2"
    ]
  }
}
